// !$*UTF8*$!
{
	archiveVersion = 1;
	classes = {
	};
	objectVersion = 46;
	objects = {

/* Begin PBXBuildFile section */
		83DD11101E634EAB007AB302 /* AppDelegate.swift in Sources */ = {isa = PBXBuildFile; fileRef = 83DD110F1E634EAB007AB302 /* AppDelegate.swift */; };
		83DD11151E634EAB007AB302 /* Main.storyboard in Resources */ = {isa = PBXBuildFile; fileRef = 83DD11131E634EAB007AB302 /* Main.storyboard */; };
		83DD11171E634EAB007AB302 /* Assets.xcassets in Resources */ = {isa = PBXBuildFile; fileRef = 83DD11161E634EAB007AB302 /* Assets.xcassets */; };
		83DD111A1E634EAB007AB302 /* LaunchScreen.storyboard in Resources */ = {isa = PBXBuildFile; fileRef = 83DD11181E634EAB007AB302 /* LaunchScreen.storyboard */; };
		83DD11221E634F2F007AB302 /* CustomTableViewCell.swift in Sources */ = {isa = PBXBuildFile; fileRef = 83DD11211E634F2F007AB302 /* CustomTableViewCell.swift */; };
		83DD11241E635045007AB302 /* Person.swift in Sources */ = {isa = PBXBuildFile; fileRef = 83DD11231E635045007AB302 /* Person.swift */; };
		83DD11261E6350B1007AB302 /* TableViewController.swift in Sources */ = {isa = PBXBuildFile; fileRef = 83DD11251E6350B1007AB302 /* TableViewController.swift */; };
		83DD11281E63556F007AB302 /* CollectionViewController.swift in Sources */ = {isa = PBXBuildFile; fileRef = 83DD11271E63556F007AB302 /* CollectionViewController.swift */; };
		83DD112A1E6356B7007AB302 /* CustomCollectionViewCell.swift in Sources */ = {isa = PBXBuildFile; fileRef = 83DD11291E6356B7007AB302 /* CustomCollectionViewCell.swift */; };
		83DD112C1E6359C7007AB302 /* UpdateAvatar.swift in Sources */ = {isa = PBXBuildFile; fileRef = 83DD112B1E6359C7007AB302 /* UpdateAvatar.swift */; };
/* End PBXBuildFile section */

/* Begin PBXFileReference section */
		83DD110C1E634EAB007AB302 /* SampleExam.app */ = {isa = PBXFileReference; explicitFileType = wrapper.application; includeInIndex = 0; path = SampleExam.app; sourceTree = BUILT_PRODUCTS_DIR; };
		83DD110F1E634EAB007AB302 /* AppDelegate.swift */ = {isa = PBXFileReference; lastKnownFileType = sourcecode.swift; path = AppDelegate.swift; sourceTree = "<group>"; };
		83DD11141E634EAB007AB302 /* Base */ = {isa = PBXFileReference; lastKnownFileType = file.storyboard; name = Base; path = Base.lproj/Main.storyboard; sourceTree = "<group>"; };
		83DD11161E634EAB007AB302 /* Assets.xcassets */ = {isa = PBXFileReference; lastKnownFileType = folder.assetcatalog; path = Assets.xcassets; sourceTree = "<group>"; };
		83DD11191E634EAB007AB302 /* Base */ = {isa = PBXFileReference; lastKnownFileType = file.storyboard; name = Base; path = Base.lproj/LaunchScreen.storyboard; sourceTree = "<group>"; };
		83DD111B1E634EAB007AB302 /* Info.plist */ = {isa = PBXFileReference; lastKnownFileType = text.plist.xml; path = Info.plist; sourceTree = "<group>"; };
		83DD11211E634F2F007AB302 /* CustomTableViewCell.swift */ = {isa = PBXFileReference; fileEncoding = 4; lastKnownFileType = sourcecode.swift; path = CustomTableViewCell.swift; sourceTree = "<group>"; };
		83DD11231E635045007AB302 /* Person.swift */ = {isa = PBXFileReference; fileEncoding = 4; lastKnownFileType = sourcecode.swift; path = Person.swift; sourceTree = "<group>"; };
		83DD11251E6350B1007AB302 /* TableViewController.swift */ = {isa = PBXFileReference; fileEncoding = 4; lastKnownFileType = sourcecode.swift; name = TableViewController.swift; path = ../TableViewController.swift; sourceTree = "<group>"; };
		83DD11271E63556F007AB302 /* CollectionViewController.swift */ = {isa = PBXFileReference; fileEncoding = 4; lastKnownFileType = sourcecode.swift; path = CollectionViewController.swift; sourceTree = "<group>"; };
		83DD11291E6356B7007AB302 /* CustomCollectionViewCell.swift */ = {isa = PBXFileReference; fileEncoding = 4; lastKnownFileType = sourcecode.swift; path = CustomCollectionViewCell.swift; sourceTree = "<group>"; };
		83DD112B1E6359C7007AB302 /* UpdateAvatar.swift */ = {isa = PBXFileReference; fileEncoding = 4; lastKnownFileType = sourcecode.swift; path = UpdateAvatar.swift; sourceTree = "<group>"; };
/* End PBXFileReference section */

/* Begin PBXFrameworksBuildPhase section */
		83DD11091E634EAB007AB302 /* Frameworks */ = {
			isa = PBXFrameworksBuildPhase;
			buildActionMask = 2147483647;
			files = (
			);
			runOnlyForDeploymentPostprocessing = 0;
		};
/* End PBXFrameworksBuildPhase section */

/* Begin PBXGroup section */
		83DD11031E634EAB007AB302 = {
			isa = PBXGroup;
			children = (
				83DD110E1E634EAB007AB302 /* SampleExam */,
				83DD110D1E634EAB007AB302 /* Products */,
			);
			sourceTree = "<group>";
		};
		83DD110D1E634EAB007AB302 /* Products */ = {
			isa = PBXGroup;
			children = (
				83DD110C1E634EAB007AB302 /* SampleExam.app */,
			);
			name = Products;
			sourceTree = "<group>";
		};
		83DD110E1E634EAB007AB302 /* SampleExam */ = {
			isa = PBXGroup;
			children = (
				83DD11251E6350B1007AB302 /* TableViewController.swift */,
				83DD112B1E6359C7007AB302 /* UpdateAvatar.swift */,
				83DD110F1E634EAB007AB302 /* AppDelegate.swift */,
				83DD11131E634EAB007AB302 /* Main.storyboard */,
				83DD11291E6356B7007AB302 /* CustomCollectionViewCell.swift */,
				83DD11271E63556F007AB302 /* CollectionViewController.swift */,
				83DD11231E635045007AB302 /* Person.swift */,
				83DD11211E634F2F007AB302 /* CustomTableViewCell.swift */,
				83DD11161E634EAB007AB302 /* Assets.xcassets */,
				83DD11181E634EAB007AB302 /* LaunchScreen.storyboard */,
				83DD111B1E634EAB007AB302 /* Info.plist */,
			);
			path = SampleExam;
			sourceTree = "<group>";
		};
/* End PBXGroup section */

/* Begin PBXNativeTarget section */
		83DD110B1E634EAB007AB302 /* SampleExam */ = {
			isa = PBXNativeTarget;
			buildConfigurationList = 83DD111E1E634EAB007AB302 /* Build configuration list for PBXNativeTarget "SampleExam" */;
			buildPhases = (
				83DD11081E634EAB007AB302 /* Sources */,
				83DD11091E634EAB007AB302 /* Frameworks */,
				83DD110A1E634EAB007AB302 /* Resources */,
			);
			buildRules = (
			);
			dependencies = (
			);
			name = SampleExam;
			productName = SampleExam;
			productReference = 83DD110C1E634EAB007AB302 /* SampleExam.app */;
			productType = "com.apple.product-type.application";
		};
/* End PBXNativeTarget section */

/* Begin PBXProject section */
		83DD11041E634EAB007AB302 /* Project object */ = {
			isa = PBXProject;
			attributes = {
				LastSwiftUpdateCheck = 0820;
				LastUpgradeCheck = 0820;
				ORGANIZATIONNAME = "Chris Chadillon";
				TargetAttributes = {
					83DD110B1E634EAB007AB302 = {
						CreatedOnToolsVersion = 8.2.1;
						DevelopmentTeam = QYHALUU72H;
						ProvisioningStyle = Automatic;
					};
				};
			};
			buildConfigurationList = 83DD11071E634EAB007AB302 /* Build configuration list for PBXProject "SampleExam" */;
			compatibilityVersion = "Xcode 3.2";
			developmentRegion = English;
			hasScannedForEncodings = 0;
			knownRegions = (
				en,
				Base,
			);
			mainGroup = 83DD11031E634EAB007AB302;
			productRefGroup = 83DD110D1E634EAB007AB302 /* Products */;
			projectDirPath = "";
			projectRoot = "";
			targets = (
				83DD110B1E634EAB007AB302 /* SampleExam */,
			);
		};
/* End PBXProject section */

/* Begin PBXResourcesBuildPhase section */
		83DD110A1E634EAB007AB302 /* Resources */ = {
			isa = PBXResourcesBuildPhase;
			buildActionMask = 2147483647;
			files = (
				83DD111A1E634EAB007AB302 /* LaunchScreen.storyboard in Resources */,
				83DD11171E634EAB007AB302 /* Assets.xcassets in Resources */,
				83DD11151E634EAB007AB302 /* Main.storyboard in Resources */,
			);
			runOnlyForDeploymentPostprocessing = 0;
		};
/* End PBXResourcesBuildPhase section */

/* Begin PBXSourcesBuildPhase section */
		83DD11081E634EAB007AB302 /* Sources */ = {
			isa = PBXSourcesBuildPhase;
			buildActionMask = 2147483647;
			files = (
				83DD112C1E6359C7007AB302 /* UpdateAvatar.swift in Sources */,
				83DD11221E634F2F007AB302 /* CustomTableViewCell.swift in Sources */,
				83DD112A1E6356B7007AB302 /* CustomCollectionViewCell.swift in Sources */,
				83DD11241E635045007AB302 /* Person.swift in Sources */,
				83DD11101E634EAB007AB302 /* AppDelegate.swift in Sources */,
				83DD11261E6350B1007AB302 /* TableViewController.swift in Sources */,
				83DD11281E63556F007AB302 /* CollectionViewController.swift in Sources */,
			);
			runOnlyForDeploymentPostprocessing = 0;
		};
/* End PBXSourcesBuildPhase section */

/* Begin PBXVariantGroup section */
		83DD11131E634EAB007AB302 /* Main.storyboard */ = {
			isa = PBXVariantGroup;
			children = (
				83DD11141E634EAB007AB302 /* Base */,
			);
			name = Main.storyboard;
			sourceTree = "<group>";
		};
		83DD11181E634EAB007AB302 /* LaunchScreen.storyboard */ = {
			isa = PBXVariantGroup;
			children = (
				83DD11191E634EAB007AB302 /* Base */,
			);
			name = LaunchScreen.storyboard;
			sourceTree = "<group>";
		};
/* End PBXVariantGroup section */

/* Begin XCBuildConfiguration section */
		83DD111C1E634EAB007AB302 /* Debug */ = {
			isa = XCBuildConfiguration;
			buildSettings = {
				ALWAYS_SEARCH_USER_PATHS = NO;
				CLANG_ANALYZER_NONNULL = YES;
				CLANG_CXX_LANGUAGE_STANDARD = "gnu++0x";
				CLANG_CXX_LIBRARY = "libc++";
				CLANG_ENABLE_MODULES = YES;
				CLANG_ENABLE_OBJC_ARC = YES;
				CLANG_WARN_BOOL_CONVERSION = YES;
				CLANG_WARN_CONSTANT_CONVERSION = YES;
				CLANG_WARN_DIRECT_OBJC_ISA_USAGE = YES_ERROR;
				CLANG_WARN_DOCUMENTATION_COMMENTS = YES;
				CLANG_WARN_EMPTY_BODY = YES;
				CLANG_WARN_ENUM_CONVERSION = YES;
				CLANG_WARN_INFINITE_RECURSION = YES;
				CLANG_WARN_INT_CONVERSION = YES;
				CLANG_WARN_OBJC_ROOT_CLASS = YES_ERROR;
				CLANG_WARN_SUSPICIOUS_MOVE = YES;
				CLANG_WARN_UNREACHABLE_CODE = YES;
				CLANG_WARN__DUPLICATE_METHOD_MATCH = YES;
				"CODE_SIGN_IDENTITY[sdk=iphoneos*]" = "iPhone Developer";
				COPY_PHASE_STRIP = NO;
				DEBUG_INFORMATION_FORMAT = dwarf;
				ENABLE_STRICT_OBJC_MSGSEND = YES;
				ENABLE_TESTABILITY = YES;
				GCC_C_LANGUAGE_STANDARD = gnu99;
				GCC_DYNAMIC_NO_PIC = NO;
				GCC_NO_COMMON_BLOCKS = YES;
				GCC_OPTIMIZATION_LEVEL = 0;
				GCC_PREPROCESSOR_DEFINITIONS = (
					"DEBUG=1",
					"$(inherited)",
				);
				GCC_WARN_64_TO_32_BIT_CONVERSION = YES;
				GCC_WARN_ABOUT_RETURN_TYPE = YES_ERROR;
				GCC_WARN_UNDECLARED_SELECTOR = YES;
				GCC_WARN_UNINITIALIZED_AUTOS = YES_AGGRESSIVE;
				GCC_WARN_UNUSED_FUNCTION = YES;
				GCC_WARN_UNUSED_VARIABLE = YES;
				IPHONEOS_DEPLOYMENT_TARGET = 10.2;
				MTL_ENABLE_DEBUG_INFO = YES;
				ONLY_ACTIVE_ARCH = YES;
				SDKROOT = iphoneos;
				SWIFT_ACTIVE_COMPILATION_CONDITIONS = DEBUG;
				SWIFT_OPTIMIZATION_LEVEL = "-Onone";
			};
			name = Debug;
		};
		83DD111D1E634EAB007AB302 /* Release */ = {
			isa = XCBuildConfiguration;
			buildSettings = {
				ALWAYS_SEARCH_USER_PATHS = NO;
				CLANG_ANALYZER_NONNULL = YES;
				CLANG_CXX_LANGUAGE_STANDARD = "gnu++0x";
				CLANG_CXX_LIBRARY = "libc++";
				CLANG_ENABLE_MODULES = YES;
				CLANG_ENABLE_OBJC_ARC = YES;
				CLANG_WARN_BOOL_CONVERSION = YES;
				CLANG_WARN_CONSTANT_CONVERSION = YES;
				CLANG_WARN_DIRECT_OBJC_ISA_USAGE = YES_ERROR;
				CLANG_WARN_DOCUMENTATION_COMMENTS = YES;
				CLANG_WARN_EMPTY_BODY = YES;
				CLANG_WARN_ENUM_CONVERSION = YES;
				CLANG_WARN_INFINITE_RECURSION = YES;
				CLANG_WARN_INT_CONVERSION = YES;
				CLANG_WARN_OBJC_ROOT_CLASS = YES_ERROR;
				CLANG_WARN_SUSPICIOUS_MOVE = YES;
				CLANG_WARN_UNREACHABLE_CODE = YES;
				CLANG_WARN__DUPLICATE_METHOD_MATCH = YES;
				"CODE_SIGN_IDENTITY[sdk=iphoneos*]" = "iPhone Developer";
				COPY_PHASE_STRIP = NO;
				DEBUG_INFORMATION_FORMAT = "dwarf-with-dsym";
				ENABLE_NS_ASSERTIONS = NO;
				ENABLE_STRICT_OBJC_MSGSEND = YES;
				GCC_C_LANGUAGE_STANDARD = gnu99;
				GCC_NO_COMMON_BLOCKS = YES;
				GCC_WARN_64_TO_32_BIT_CONVERSION = YES;
				GCC_WARN_ABOUT_RETURN_TYPE = YES_ERROR;
				GCC_WARN_UNDECLARED_SELECTOR = YES;
				GCC_WARN_UNINITIALIZED_AUTOS = YES_AGGRESSIVE;
				GCC_WARN_UNUSED_FUNCTION = YES;
				GCC_WARN_UNUSED_VARIABLE = YES;
				IPHONEOS_DEPLOYMENT_TARGET = 10.2;
				MTL_ENABLE_DEBUG_INFO = NO;
				SDKROOT = iphoneos;
				SWIFT_OPTIMIZATION_LEVEL = "-Owholemodule";
				VALIDATE_PRODUCT = YES;
			};
			name = Release;
		};
		83DD111F1E634EAB007AB302 /* Debug */ = {
			isa = XCBuildConfiguration;
			buildSettings = {
				ASSETCATALOG_COMPILER_APPICON_NAME = AppIcon;
				DEVELOPMENT_TEAM = QYHALUU72H;
				INFOPLIST_FILE = SampleExam/Info.plist;
				LD_RUNPATH_SEARCH_PATHS = "$(inherited) @executable_path/Frameworks";
				PRODUCT_BUNDLE_IDENTIFIER = "com.apps-etc.SampleExam";
				PRODUCT_NAME = "$(TARGET_NAME)";
				SWIFT_VERSION = 3.0;
			};
			name = Debug;
		};
		83DD11201E634EAB007AB302 /* Release */ = {
			isa = XCBuildConfiguration;
			buildSettings = {
				ASSETCATALOG_COMPILER_APPICON_NAME = AppIcon;
				DEVELOPMENT_TEAM = QYHALUU72H;
				INFOPLIST_FILE = SampleExam/Info.plist;
				LD_RUNPATH_SEARCH_PATHS = "$(inherited) @executable_path/Frameworks";
				PRODUCT_BUNDLE_IDENTIFIER = "com.apps-etc.SampleExam";
				PRODUCT_NAME = "$(TARGET_NAME)";
				SWIFT_VERSION = 3.0;
			};
			name = Release;
		};
/* End XCBuildConfiguration section */

/* Begin XCConfigurationList section */
		83DD11071E634EAB007AB302 /* Build configuration list for PBXProject "SampleExam" */ = {
			isa = XCConfigurationList;
			buildConfigurations = (
				83DD111C1E634EAB007AB302 /* Debug */,
				83DD111D1E634EAB007AB302 /* Release */,
			);
			defaultConfigurationIsVisible = 0;
			defaultConfigurationName = Release;
		};
		83DD111E1E634EAB007AB302 /* Build configuration list for PBXNativeTarget "SampleExam" */ = {
			isa = XCConfigurationList;
			buildConfigurations = (
				83DD111F1E634EAB007AB302 /* Debug */,
				83DD11201E634EAB007AB302 /* Release */,
			);
			defaultConfigurationIsVisible = 0;
		};
/* End XCConfigurationList section */
	};
	rootObject = 83DD11041E634EAB007AB302 /* Project object */;
}
